PODS:
  - EFQRCode (4.2.1)
  - SwiftyJSON (4.0.0)

DEPENDENCIES:
  - EFQRCode (~> 4.2)
  - SwiftyJSON (~> 4.0)

SPEC CHECKSUMS:
  EFQRCode: f3fd67049faa07adb575495c05d72a34e407a940
  SwiftyJSON: 070dabdcb1beb81b247c65ffa3a79dbbfb3b48aa

PODFILE CHECKSUM: 759ced2199b8bcef84566fe61eee5ace1b99c521

COCOAPODS: 1.4.0
