// !$*UTF8*$!
{
	archiveVersion = 1;
	classes = {
	};
	objectVersion = 46;
	objects = {

/* Begin PBXBuildFile section */
		D1CE0DFD2065EC58005DE5BF /* AppDelegate.swift in Sources */ = {isa = PBXBuildFile; fileRef = D1CE0DFC2065EC58005DE5BF /* AppDelegate.swift */; };
		D1CE0DFF2065EC58005DE5BF /* MainViewController.swift in Sources */ = {isa = PBXBuildFile; fileRef = D1CE0DFE2065EC58005DE5BF /* MainViewController.swift */; };
		D1CE0E022065EC58005DE5BF /* Main.storyboard in Resources */ = {isa = PBXBuildFile; fileRef = D1CE0E002065EC58005DE5BF /* Main.storyboard */; };
		D1CE0E042065EC58005DE5BF /* Assets.xcassets in Resources */ = {isa = PBXBuildFile; fileRef = D1CE0E032065EC58005DE5BF /* Assets.xcassets */; };
		D1CE0E072065EC58005DE5BF /* LaunchScreen.storyboard in Resources */ = {isa = PBXBuildFile; fileRef = D1CE0E052065EC58005DE5BF /* LaunchScreen.storyboard */; };
		EB3FAA9020660A2C006033FF /* SigmaTabView.swift in Sources */ = {isa = PBXBuildFile; fileRef = EB3FAA8F20660A2C006033FF /* SigmaTabView.swift */; };
		EB3FAA9220660A6B006033FF /* SigmaTabBar.swift in Sources */ = {isa = PBXBuildFile; fileRef = EB3FAA9120660A6B006033FF /* SigmaTabBar.swift */; };
		EB3FAA9420660F04006033FF /* ProfileView.swift in Sources */ = {isa = PBXBuildFile; fileRef = EB3FAA9320660F04006033FF /* ProfileView.swift */; };
		EB3FAA9620660F18006033FF /* ProfileView.xib in Resources */ = {isa = PBXBuildFile; fileRef = EB3FAA9520660F18006033FF /* ProfileView.xib */; };
/* End PBXBuildFile section */

/* Begin PBXFileReference section */
		D1CE0DF92065EC58005DE5BF /* Sigma.app */ = {isa = PBXFileReference; explicitFileType = wrapper.application; includeInIndex = 0; path = Sigma.app; sourceTree = BUILT_PRODUCTS_DIR; };
		D1CE0DFC2065EC58005DE5BF /* AppDelegate.swift */ = {isa = PBXFileReference; lastKnownFileType = sourcecode.swift; path = AppDelegate.swift; sourceTree = "<group>"; };
		D1CE0DFE2065EC58005DE5BF /* MainViewController.swift */ = {isa = PBXFileReference; lastKnownFileType = sourcecode.swift; path = MainViewController.swift; sourceTree = "<group>"; };
		D1CE0E012065EC58005DE5BF /* Base */ = {isa = PBXFileReference; lastKnownFileType = file.storyboard; name = Base; path = Base.lproj/Main.storyboard; sourceTree = "<group>"; };
		D1CE0E032065EC58005DE5BF /* Assets.xcassets */ = {isa = PBXFileReference; lastKnownFileType = folder.assetcatalog; path = Assets.xcassets; sourceTree = "<group>"; };
		D1CE0E062065EC58005DE5BF /* Base */ = {isa = PBXFileReference; lastKnownFileType = file.storyboard; name = Base; path = Base.lproj/LaunchScreen.storyboard; sourceTree = "<group>"; };
		D1CE0E082065EC58005DE5BF /* Info.plist */ = {isa = PBXFileReference; lastKnownFileType = text.plist.xml; path = Info.plist; sourceTree = "<group>"; };
		EB3FAA8F20660A2C006033FF /* SigmaTabView.swift */ = {isa = PBXFileReference; lastKnownFileType = sourcecode.swift; path = SigmaTabView.swift; sourceTree = "<group>"; };
		EB3FAA9120660A6B006033FF /* SigmaTabBar.swift */ = {isa = PBXFileReference; lastKnownFileType = sourcecode.swift; path = SigmaTabBar.swift; sourceTree = "<group>"; };
		EB3FAA9320660F04006033FF /* ProfileView.swift */ = {isa = PBXFileReference; lastKnownFileType = sourcecode.swift; path = ProfileView.swift; sourceTree = "<group>"; };
		EB3FAA9520660F18006033FF /* ProfileView.xib */ = {isa = PBXFileReference; lastKnownFileType = file.xib; path = ProfileView.xib; sourceTree = "<group>"; };
/* End PBXFileReference section */

/* Begin PBXFrameworksBuildPhase section */
		D1CE0DF62065EC58005DE5BF /* Frameworks */ = {
			isa = PBXFrameworksBuildPhase;
			buildActionMask = 2147483647;
			files = (
			);
			runOnlyForDeploymentPostprocessing = 0;
		};
/* End PBXFrameworksBuildPhase section */

/* Begin PBXGroup section */
		D1CE0DF02065EC58005DE5BF = {
			isa = PBXGroup;
			children = (
				D1CE0DFB2065EC58005DE5BF /* Sigma */,
				D1CE0DFA2065EC58005DE5BF /* Products */,
			);
			sourceTree = "<group>";
		};
		D1CE0DFA2065EC58005DE5BF /* Products */ = {
			isa = PBXGroup;
			children = (
				D1CE0DF92065EC58005DE5BF /* Sigma.app */,
			);
			name = Products;
			sourceTree = "<group>";
		};
		D1CE0DFB2065EC58005DE5BF /* Sigma */ = {
			isa = PBXGroup;
			children = (
				D1CE0DFC2065EC58005DE5BF /* AppDelegate.swift */,
				D1CE0DFE2065EC58005DE5BF /* MainViewController.swift */,
				EB3FAA8F20660A2C006033FF /* SigmaTabView.swift */,
				EB3FAA9120660A6B006033FF /* SigmaTabBar.swift */,
				EB3FAA9320660F04006033FF /* ProfileView.swift */,
				EB3FAA9520660F18006033FF /* ProfileView.xib */,
				D1CE0E002065EC58005DE5BF /* Main.storyboard */,
				D1CE0E032065EC58005DE5BF /* Assets.xcassets */,
				D1CE0E052065EC58005DE5BF /* LaunchScreen.storyboard */,
				D1CE0E082065EC58005DE5BF /* Info.plist */,
			);
			path = Sigma;
			sourceTree = "<group>";
		};
/* End PBXGroup section */

/* Begin PBXNativeTarget section */
		D1CE0DF82065EC58005DE5BF /* Sigma */ = {
			isa = PBXNativeTarget;
			buildConfigurationList = D1CE0E0B2065EC58005DE5BF /* Build configuration list for PBXNativeTarget "Sigma" */;
			buildPhases = (
				D1CE0DF52065EC58005DE5BF /* Sources */,
				D1CE0DF62065EC58005DE5BF /* Frameworks */,
				D1CE0DF72065EC58005DE5BF /* Resources */,
			);
			buildRules = (
			);
			dependencies = (
			);
			name = Sigma;
			productName = Sigma;
			productReference = D1CE0DF92065EC58005DE5BF /* Sigma.app */;
			productType = "com.apple.product-type.application";
		};
/* End PBXNativeTarget section */

/* Begin PBXProject section */
		D1CE0DF12065EC58005DE5BF /* Project object */ = {
			isa = PBXProject;
			attributes = {
				LastSwiftUpdateCheck = 0830;
				LastUpgradeCheck = 0830;
				ORGANIZATIONNAME = Sigma;
				TargetAttributes = {
					D1CE0DF82065EC58005DE5BF = {
						CreatedOnToolsVersion = 8.3.3;
						ProvisioningStyle = Automatic;
					};
				};
			};
			buildConfigurationList = D1CE0DF42065EC58005DE5BF /* Build configuration list for PBXProject "Sigma" */;
			compatibilityVersion = "Xcode 3.2";
			developmentRegion = English;
			hasScannedForEncodings = 0;
			knownRegions = (
				en,
				Base,
			);
			mainGroup = D1CE0DF02065EC58005DE5BF;
			productRefGroup = D1CE0DFA2065EC58005DE5BF /* Products */;
			projectDirPath = "";
			projectRoot = "";
			targets = (
				D1CE0DF82065EC58005DE5BF /* Sigma */,
			);
		};
/* End PBXProject section */

/* Begin PBXResourcesBuildPhase section */
		D1CE0DF72065EC58005DE5BF /* Resources */ = {
			isa = PBXResourcesBuildPhase;
			buildActionMask = 2147483647;
			files = (
				EB3FAA9620660F18006033FF /* ProfileView.xib in Resources */,
				D1CE0E072065EC58005DE5BF /* LaunchScreen.storyboard in Resources */,
				D1CE0E042065EC58005DE5BF /* Assets.xcassets in Resources */,
				D1CE0E022065EC58005DE5BF /* Main.storyboard in Resources */,
			);
			runOnlyForDeploymentPostprocessing = 0;
		};
/* End PBXResourcesBuildPhase section */

/* Begin PBXSourcesBuildPhase section */
		D1CE0DF52065EC58005DE5BF /* Sources */ = {
			isa = PBXSourcesBuildPhase;
			buildActionMask = 2147483647;
			files = (
				EB3FAA9020660A2C006033FF /* SigmaTabView.swift in Sources */,
				EB3FAA9220660A6B006033FF /* SigmaTabBar.swift in Sources */,
				EB3FAA9420660F04006033FF /* ProfileView.swift in Sources */,
				D1CE0DFF2065EC58005DE5BF /* MainViewController.swift in Sources */,
				D1CE0DFD2065EC58005DE5BF /* AppDelegate.swift in Sources */,
			);
			runOnlyForDeploymentPostprocessing = 0;
		};
/* End PBXSourcesBuildPhase section */

/* Begin PBXVariantGroup section */
		D1CE0E002065EC58005DE5BF /* Main.storyboard */ = {
			isa = PBXVariantGroup;
			children = (
				D1CE0E012065EC58005DE5BF /* Base */,
			);
			name = Main.storyboard;
			sourceTree = "<group>";
		};
		D1CE0E052065EC58005DE5BF /* LaunchScreen.storyboard */ = {
			isa = PBXVariantGroup;
			children = (
				D1CE0E062065EC58005DE5BF /* Base */,
			);
			name = LaunchScreen.storyboard;
			sourceTree = "<group>";
		};
/* End PBXVariantGroup section */

/* Begin XCBuildConfiguration section */
		D1CE0E092065EC58005DE5BF /* Debug */ = {
			isa = XCBuildConfiguration;
			buildSettings = {
				ALWAYS_SEARCH_USER_PATHS = NO;
				CLANG_ANALYZER_NONNULL = YES;
				CLANG_ANALYZER_NUMBER_OBJECT_CONVERSION = YES_AGGRESSIVE;
				CLANG_CXX_LANGUAGE_STANDARD = "gnu++0x";
				CLANG_CXX_LIBRARY = "libc++";
				CLANG_ENABLE_MODULES = YES;
				CLANG_ENABLE_OBJC_ARC = YES;
				CLANG_WARN_BOOL_CONVERSION = YES;
				CLANG_WARN_CONSTANT_CONVERSION = YES;
				CLANG_WARN_DIRECT_OBJC_ISA_USAGE = YES_ERROR;
				CLANG_WARN_DOCUMENTATION_COMMENTS = YES;
				CLANG_WARN_EMPTY_BODY = YES;
				CLANG_WARN_ENUM_CONVERSION = YES;
				CLANG_WARN_INFINITE_RECURSION = YES;
				CLANG_WARN_INT_CONVERSION = YES;
				CLANG_WARN_OBJC_ROOT_CLASS = YES_ERROR;
				CLANG_WARN_SUSPICIOUS_MOVE = YES;
				CLANG_WARN_UNREACHABLE_CODE = YES;
				CLANG_WARN__DUPLICATE_METHOD_MATCH = YES;
				"CODE_SIGN_IDENTITY[sdk=iphoneos*]" = "iPhone Developer";
				COPY_PHASE_STRIP = NO;
				DEBUG_INFORMATION_FORMAT = dwarf;
				ENABLE_STRICT_OBJC_MSGSEND = YES;
				ENABLE_TESTABILITY = YES;
				GCC_C_LANGUAGE_STANDARD = gnu99;
				GCC_DYNAMIC_NO_PIC = NO;
				GCC_NO_COMMON_BLOCKS = YES;
				GCC_OPTIMIZATION_LEVEL = 0;
				GCC_PREPROCESSOR_DEFINITIONS = (
					"DEBUG=1",
					"$(inherited)",
				);
				GCC_WARN_64_TO_32_BIT_CONVERSION = YES;
				GCC_WARN_ABOUT_RETURN_TYPE = YES_ERROR;
				GCC_WARN_UNDECLARED_SELECTOR = YES;
				GCC_WARN_UNINITIALIZED_AUTOS = YES_AGGRESSIVE;
				GCC_WARN_UNUSED_FUNCTION = YES;
				GCC_WARN_UNUSED_VARIABLE = YES;
				IPHONEOS_DEPLOYMENT_TARGET = 10.3;
				MTL_ENABLE_DEBUG_INFO = YES;
				ONLY_ACTIVE_ARCH = YES;
				SDKROOT = iphoneos;
				SWIFT_ACTIVE_COMPILATION_CONDITIONS = DEBUG;
				SWIFT_OPTIMIZATION_LEVEL = "-Onone";
			};
			name = Debug;
		};
		D1CE0E0A2065EC58005DE5BF /* Release */ = {
			isa = XCBuildConfiguration;
			buildSettings = {
				ALWAYS_SEARCH_USER_PATHS = NO;
				CLANG_ANALYZER_NONNULL = YES;
				CLANG_ANALYZER_NUMBER_OBJECT_CONVERSION = YES_AGGRESSIVE;
				CLANG_CXX_LANGUAGE_STANDARD = "gnu++0x";
				CLANG_CXX_LIBRARY = "libc++";
				CLANG_ENABLE_MODULES = YES;
				CLANG_ENABLE_OBJC_ARC = YES;
				CLANG_WARN_BOOL_CONVERSION = YES;
				CLANG_WARN_CONSTANT_CONVERSION = YES;
				CLANG_WARN_DIRECT_OBJC_ISA_USAGE = YES_ERROR;
				CLANG_WARN_DOCUMENTATION_COMMENTS = YES;
				CLANG_WARN_EMPTY_BODY = YES;
				CLANG_WARN_ENUM_CONVERSION = YES;
				CLANG_WARN_INFINITE_RECURSION = YES;
				CLANG_WARN_INT_CONVERSION = YES;
				CLANG_WARN_OBJC_ROOT_CLASS = YES_ERROR;
				CLANG_WARN_SUSPICIOUS_MOVE = YES;
				CLANG_WARN_UNREACHABLE_CODE = YES;
				CLANG_WARN__DUPLICATE_METHOD_MATCH = YES;
				"CODE_SIGN_IDENTITY[sdk=iphoneos*]" = "iPhone Developer";
				COPY_PHASE_STRIP = NO;
				DEBUG_INFORMATION_FORMAT = "dwarf-with-dsym";
				ENABLE_NS_ASSERTIONS = NO;
				ENABLE_STRICT_OBJC_MSGSEND = YES;
				GCC_C_LANGUAGE_STANDARD = gnu99;
				GCC_NO_COMMON_BLOCKS = YES;
				GCC_WARN_64_TO_32_BIT_CONVERSION = YES;
				GCC_WARN_ABOUT_RETURN_TYPE = YES_ERROR;
				GCC_WARN_UNDECLARED_SELECTOR = YES;
				GCC_WARN_UNINITIALIZED_AUTOS = YES_AGGRESSIVE;
				GCC_WARN_UNUSED_FUNCTION = YES;
				GCC_WARN_UNUSED_VARIABLE = YES;
				IPHONEOS_DEPLOYMENT_TARGET = 10.3;
				MTL_ENABLE_DEBUG_INFO = NO;
				SDKROOT = iphoneos;
				SWIFT_OPTIMIZATION_LEVEL = "-Owholemodule";
				VALIDATE_PRODUCT = YES;
			};
			name = Release;
		};
		D1CE0E0C2065EC58005DE5BF /* Debug */ = {
			isa = XCBuildConfiguration;
			buildSettings = {
				ASSETCATALOG_COMPILER_APPICON_NAME = AppIcon;
				INFOPLIST_FILE = Sigma/Info.plist;
				LD_RUNPATH_SEARCH_PATHS = "$(inherited) @executable_path/Frameworks";
				PRODUCT_BUNDLE_IDENTIFIER = io.sigma.Sigma;
				PRODUCT_NAME = "$(TARGET_NAME)";
				SWIFT_VERSION = 3.0;
			};
			name = Debug;
		};
		D1CE0E0D2065EC58005DE5BF /* Release */ = {
			isa = XCBuildConfiguration;
			buildSettings = {
				ASSETCATALOG_COMPILER_APPICON_NAME = AppIcon;
				INFOPLIST_FILE = Sigma/Info.plist;
				LD_RUNPATH_SEARCH_PATHS = "$(inherited) @executable_path/Frameworks";
				PRODUCT_BUNDLE_IDENTIFIER = io.sigma.Sigma;
				PRODUCT_NAME = "$(TARGET_NAME)";
				SWIFT_VERSION = 3.0;
			};
			name = Release;
		};
/* End XCBuildConfiguration section */

/* Begin XCConfigurationList section */
		D1CE0DF42065EC58005DE5BF /* Build configuration list for PBXProject "Sigma" */ = {
			isa = XCConfigurationList;
			buildConfigurations = (
				D1CE0E092065EC58005DE5BF /* Debug */,
				D1CE0E0A2065EC58005DE5BF /* Release */,
			);
			defaultConfigurationIsVisible = 0;
			defaultConfigurationName = Release;
		};
		D1CE0E0B2065EC58005DE5BF /* Build configuration list for PBXNativeTarget "Sigma" */ = {
			isa = XCConfigurationList;
			buildConfigurations = (
				D1CE0E0C2065EC58005DE5BF /* Debug */,
				D1CE0E0D2065EC58005DE5BF /* Release */,
			);
			defaultConfigurationIsVisible = 0;
			defaultConfigurationName = Release;
		};
/* End XCConfigurationList section */
	};
	rootObject = D1CE0DF12065EC58005DE5BF /* Project object */;
}
